// !$*UTF8*$!
{
	archiveVersion = 1;
	classes = {
	};
	objectVersion = 50;
	objects = {

/* Begin PBXBuildFile section */
		115C6E27235CCF89003FE31F /* AppDelegate.swift in Sources */ = {isa = PBXBuildFile; fileRef = 115C6E26235CCF89003FE31F /* AppDelegate.swift */; };
		115C6E29235CCF89003FE31F /* SceneDelegate.swift in Sources */ = {isa = PBXBuildFile; fileRef = 115C6E28235CCF89003FE31F /* SceneDelegate.swift */; };
		115C6E2B235CCF89003FE31F /* ViewController.swift in Sources */ = {isa = PBXBuildFile; fileRef = 115C6E2A235CCF89003FE31F /* ViewController.swift */; };
		115C6E2E235CCF89003FE31F /* Main.storyboard in Resources */ = {isa = PBXBuildFile; fileRef = 115C6E2C235CCF89003FE31F /* Main.storyboard */; };
		115C6E30235CCF90003FE31F /* Assets.xcassets in Resources */ = {isa = PBXBuildFile; fileRef = 115C6E2F235CCF90003FE31F /* Assets.xcassets */; };
		115C6E33235CCF90003FE31F /* LaunchScreen.storyboard in Resources */ = {isa = PBXBuildFile; fileRef = 115C6E31235CCF90003FE31F /* LaunchScreen.storyboard */; };
		115C6E3E235CCF90003FE31F /* GeoFireAppTests.swift in Sources */ = {isa = PBXBuildFile; fileRef = 115C6E3D235CCF90003FE31F /* GeoFireAppTests.swift */; };
		115C6E49235CCF90003FE31F /* GeoFireAppUITests.swift in Sources */ = {isa = PBXBuildFile; fileRef = 115C6E48235CCF90003FE31F /* GeoFireAppUITests.swift */; };
		11BBEFFC235E55BF006FF991 /* GoogleService-Info.plist in Resources */ = {isa = PBXBuildFile; fileRef = 11BBEFFB235E55BF006FF991 /* GoogleService-Info.plist */; };
		46983948D90E1B7523D47FD7 /* Pods_GeoFireApp.framework in Frameworks */ = {isa = PBXBuildFile; fileRef = 2FC7E6CFC1905458189D7AE6 /* Pods_GeoFireApp.framework */; };
		64F58286139589934248E053 /* Pods_GeoFireAppTests.framework in Frameworks */ = {isa = PBXBuildFile; fileRef = F67A65B38E5F99FBCA1E699E /* Pods_GeoFireAppTests.framework */; };
		980943B90B49679354E9D8A4 /* Pods_GeoFireAppUITests.framework in Frameworks */ = {isa = PBXBuildFile; fileRef = 672C20AFED898092BABB43C1 /* Pods_GeoFireAppUITests.framework */; };
/* End PBXBuildFile section */

/* Begin PBXContainerItemProxy section */
		115C6E3A235CCF90003FE31F /* PBXContainerItemProxy */ = {
			isa = PBXContainerItemProxy;
			containerPortal = 115C6E1B235CCF89003FE31F /* Project object */;
			proxyType = 1;
			remoteGlobalIDString = 115C6E22235CCF89003FE31F;
			remoteInfo = GeoFireApp;
		};
		115C6E45235CCF90003FE31F /* PBXContainerItemProxy */ = {
			isa = PBXContainerItemProxy;
			containerPortal = 115C6E1B235CCF89003FE31F /* Project object */;
			proxyType = 1;
			remoteGlobalIDString = 115C6E22235CCF89003FE31F;
			remoteInfo = GeoFireApp;
		};
/* End PBXContainerItemProxy section */

/* Begin PBXFileReference section */
		115C6E23235CCF89003FE31F /* GeoFireApp.app */ = {isa = PBXFileReference; explicitFileType = wrapper.application; includeInIndex = 0; path = GeoFireApp.app; sourceTree = BUILT_PRODUCTS_DIR; };
		115C6E26235CCF89003FE31F /* AppDelegate.swift */ = {isa = PBXFileReference; lastKnownFileType = sourcecode.swift; path = AppDelegate.swift; sourceTree = "<group>"; };
		115C6E28235CCF89003FE31F /* SceneDelegate.swift */ = {isa = PBXFileReference; lastKnownFileType = sourcecode.swift; path = SceneDelegate.swift; sourceTree = "<group>"; };
		115C6E2A235CCF89003FE31F /* ViewController.swift */ = {isa = PBXFileReference; lastKnownFileType = sourcecode.swift; path = ViewController.swift; sourceTree = "<group>"; };
		115C6E2D235CCF89003FE31F /* Base */ = {isa = PBXFileReference; lastKnownFileType = file.storyboard; name = Base; path = Base.lproj/Main.storyboard; sourceTree = "<group>"; };
		115C6E2F235CCF90003FE31F /* Assets.xcassets */ = {isa = PBXFileReference; lastKnownFileType = folder.assetcatalog; path = Assets.xcassets; sourceTree = "<group>"; };
		115C6E32235CCF90003FE31F /* Base */ = {isa = PBXFileReference; lastKnownFileType = file.storyboard; name = Base; path = Base.lproj/LaunchScreen.storyboard; sourceTree = "<group>"; };
		115C6E34235CCF90003FE31F /* Info.plist */ = {isa = PBXFileReference; lastKnownFileType = text.plist.xml; path = Info.plist; sourceTree = "<group>"; };
		115C6E39235CCF90003FE31F /* GeoFireAppTests.xctest */ = {isa = PBXFileReference; explicitFileType = wrapper.cfbundle; includeInIndex = 0; path = GeoFireAppTests.xctest; sourceTree = BUILT_PRODUCTS_DIR; };
		115C6E3D235CCF90003FE31F /* GeoFireAppTests.swift */ = {isa = PBXFileReference; lastKnownFileType = sourcecode.swift; path = GeoFireAppTests.swift; sourceTree = "<group>"; };
		115C6E3F235CCF90003FE31F /* Info.plist */ = {isa = PBXFileReference; lastKnownFileType = text.plist.xml; path = Info.plist; sourceTree = "<group>"; };
		115C6E44235CCF90003FE31F /* GeoFireAppUITests.xctest */ = {isa = PBXFileReference; explicitFileType = wrapper.cfbundle; includeInIndex = 0; path = GeoFireAppUITests.xctest; sourceTree = BUILT_PRODUCTS_DIR; };
		115C6E48235CCF90003FE31F /* GeoFireAppUITests.swift */ = {isa = PBXFileReference; lastKnownFileType = sourcecode.swift; path = GeoFireAppUITests.swift; sourceTree = "<group>"; };
		115C6E4A235CCF90003FE31F /* Info.plist */ = {isa = PBXFileReference; lastKnownFileType = text.plist.xml; path = Info.plist; sourceTree = "<group>"; };
		11BBEFFB235E55BF006FF991 /* GoogleService-Info.plist */ = {isa = PBXFileReference; fileEncoding = 4; lastKnownFileType = text.plist.xml; path = "GoogleService-Info.plist"; sourceTree = "<group>"; };
		13E64DBBA3489458860F551F /* Pods-GeoFireAppTests.debug.xcconfig */ = {isa = PBXFileReference; includeInIndex = 1; lastKnownFileType = text.xcconfig; name = "Pods-GeoFireAppTests.debug.xcconfig"; path = "Target Support Files/Pods-GeoFireAppTests/Pods-GeoFireAppTests.debug.xcconfig"; sourceTree = "<group>"; };
		2FC7E6CFC1905458189D7AE6 /* Pods_GeoFireApp.framework */ = {isa = PBXFileReference; explicitFileType = wrapper.framework; includeInIndex = 0; path = Pods_GeoFireApp.framework; sourceTree = BUILT_PRODUCTS_DIR; };
		65C1C21C995DF10075A47F99 /* Pods-GeoFireApp.debug.xcconfig */ = {isa = PBXFileReference; includeInIndex = 1; lastKnownFileType = text.xcconfig; name = "Pods-GeoFireApp.debug.xcconfig"; path = "Target Support Files/Pods-GeoFireApp/Pods-GeoFireApp.debug.xcconfig"; sourceTree = "<group>"; };
		672C20AFED898092BABB43C1 /* Pods_GeoFireAppUITests.framework */ = {isa = PBXFileReference; explicitFileType = wrapper.framework; includeInIndex = 0; path = Pods_GeoFireAppUITests.framework; sourceTree = BUILT_PRODUCTS_DIR; };
		9925A771C2111E0E283B2D66 /* Pods-GeoFireApp.release.xcconfig */ = {isa = PBXFileReference; includeInIndex = 1; lastKnownFileType = text.xcconfig; name = "Pods-GeoFireApp.release.xcconfig"; path = "Target Support Files/Pods-GeoFireApp/Pods-GeoFireApp.release.xcconfig"; sourceTree = "<group>"; };
		A639343C34ECC15ABC33B109 /* Pods-GeoFireAppUITests.release.xcconfig */ = {isa = PBXFileReference; includeInIndex = 1; lastKnownFileType = text.xcconfig; name = "Pods-GeoFireAppUITests.release.xcconfig"; path = "Target Support Files/Pods-GeoFireAppUITests/Pods-GeoFireAppUITests.release.xcconfig"; sourceTree = "<group>"; };
		B7891A1912C4AE3AFB0AF39E /* Pods-GeoFireAppTests.release.xcconfig */ = {isa = PBXFileReference; includeInIndex = 1; lastKnownFileType = text.xcconfig; name = "Pods-GeoFireAppTests.release.xcconfig"; path = "Target Support Files/Pods-GeoFireAppTests/Pods-GeoFireAppTests.release.xcconfig"; sourceTree = "<group>"; };
		F13178B53F719F15AAF7ED03 /* Pods-GeoFireAppUITests.debug.xcconfig */ = {isa = PBXFileReference; includeInIndex = 1; lastKnownFileType = text.xcconfig; name = "Pods-GeoFireAppUITests.debug.xcconfig"; path = "Target Support Files/Pods-GeoFireAppUITests/Pods-GeoFireAppUITests.debug.xcconfig"; sourceTree = "<group>"; };
		F67A65B38E5F99FBCA1E699E /* Pods_GeoFireAppTests.framework */ = {isa = PBXFileReference; explicitFileType = wrapper.framework; includeInIndex = 0; path = Pods_GeoFireAppTests.framework; sourceTree = BUILT_PRODUCTS_DIR; };
/* End PBXFileReference section */

/* Begin PBXFrameworksBuildPhase section */
		115C6E20235CCF89003FE31F /* Frameworks */ = {
			isa = PBXFrameworksBuildPhase;
			buildActionMask = 2147483647;
			files = (
				46983948D90E1B7523D47FD7 /* Pods_GeoFireApp.framework in Frameworks */,
			);
			runOnlyForDeploymentPostprocessing = 0;
		};
		115C6E36235CCF90003FE31F /* Frameworks */ = {
			isa = PBXFrameworksBuildPhase;
			buildActionMask = 2147483647;
			files = (
				64F58286139589934248E053 /* Pods_GeoFireAppTests.framework in Frameworks */,
			);
			runOnlyForDeploymentPostprocessing = 0;
		};
		115C6E41235CCF90003FE31F /* Frameworks */ = {
			isa = PBXFrameworksBuildPhase;
			buildActionMask = 2147483647;
			files = (
				980943B90B49679354E9D8A4 /* Pods_GeoFireAppUITests.framework in Frameworks */,
			);
			runOnlyForDeploymentPostprocessing = 0;
		};
/* End PBXFrameworksBuildPhase section */

/* Begin PBXGroup section */
		115C6E1A235CCF89003FE31F = {
			isa = PBXGroup;
			children = (
				115C6E25235CCF89003FE31F /* GeoFireApp */,
				115C6E3C235CCF90003FE31F /* GeoFireAppTests */,
				115C6E47235CCF90003FE31F /* GeoFireAppUITests */,
				115C6E24235CCF89003FE31F /* Products */,
				3806A8A212FA25F4D27E8165 /* Pods */,
				A91ECE8C2C56B418A917580E /* Frameworks */,
			);
			sourceTree = "<group>";
		};
		115C6E24235CCF89003FE31F /* Products */ = {
			isa = PBXGroup;
			children = (
				115C6E23235CCF89003FE31F /* GeoFireApp.app */,
				115C6E39235CCF90003FE31F /* GeoFireAppTests.xctest */,
				115C6E44235CCF90003FE31F /* GeoFireAppUITests.xctest */,
			);
			name = Products;
			sourceTree = "<group>";
		};
		115C6E25235CCF89003FE31F /* GeoFireApp */ = {
			isa = PBXGroup;
			children = (
				115C6E26235CCF89003FE31F /* AppDelegate.swift */,
				115C6E28235CCF89003FE31F /* SceneDelegate.swift */,
				115C6E2A235CCF89003FE31F /* ViewController.swift */,
				11BBEFFB235E55BF006FF991 /* GoogleService-Info.plist */,
				115C6E2C235CCF89003FE31F /* Main.storyboard */,
				115C6E2F235CCF90003FE31F /* Assets.xcassets */,
				115C6E31235CCF90003FE31F /* LaunchScreen.storyboard */,
				115C6E34235CCF90003FE31F /* Info.plist */,
			);
			path = GeoFireApp;
			sourceTree = "<group>";
		};
		115C6E3C235CCF90003FE31F /* GeoFireAppTests */ = {
			isa = PBXGroup;
			children = (
				115C6E3D235CCF90003FE31F /* GeoFireAppTests.swift */,
				115C6E3F235CCF90003FE31F /* Info.plist */,
			);
			path = GeoFireAppTests;
			sourceTree = "<group>";
		};
		115C6E47235CCF90003FE31F /* GeoFireAppUITests */ = {
			isa = PBXGroup;
			children = (
				115C6E48235CCF90003FE31F /* GeoFireAppUITests.swift */,
				115C6E4A235CCF90003FE31F /* Info.plist */,
			);
			path = GeoFireAppUITests;
			sourceTree = "<group>";
		};
		3806A8A212FA25F4D27E8165 /* Pods */ = {
			isa = PBXGroup;
			children = (
				65C1C21C995DF10075A47F99 /* Pods-GeoFireApp.debug.xcconfig */,
				9925A771C2111E0E283B2D66 /* Pods-GeoFireApp.release.xcconfig */,
				13E64DBBA3489458860F551F /* Pods-GeoFireAppTests.debug.xcconfig */,
				B7891A1912C4AE3AFB0AF39E /* Pods-GeoFireAppTests.release.xcconfig */,
				F13178B53F719F15AAF7ED03 /* Pods-GeoFireAppUITests.debug.xcconfig */,
				A639343C34ECC15ABC33B109 /* Pods-GeoFireAppUITests.release.xcconfig */,
			);
			name = Pods;
			path = Pods;
			sourceTree = "<group>";
		};
		A91ECE8C2C56B418A917580E /* Frameworks */ = {
			isa = PBXGroup;
			children = (
				2FC7E6CFC1905458189D7AE6 /* Pods_GeoFireApp.framework */,
				F67A65B38E5F99FBCA1E699E /* Pods_GeoFireAppTests.framework */,
				672C20AFED898092BABB43C1 /* Pods_GeoFireAppUITests.framework */,
			);
			name = Frameworks;
			sourceTree = "<group>";
		};
/* End PBXGroup section */

/* Begin PBXNativeTarget section */
		115C6E22235CCF89003FE31F /* GeoFireApp */ = {
			isa = PBXNativeTarget;
			buildConfigurationList = 115C6E4D235CCF90003FE31F /* Build configuration list for PBXNativeTarget "GeoFireApp" */;
			buildPhases = (
				53CCE9374C7B3AC0F0DC9E0B /* [CP] Check Pods Manifest.lock */,
				115C6E1F235CCF89003FE31F /* Sources */,
				115C6E20235CCF89003FE31F /* Frameworks */,
				115C6E21235CCF89003FE31F /* Resources */,
				EA10255993C92DBF2401B2EC /* [CP] Embed Pods Frameworks */,
			);
			buildRules = (
			);
			dependencies = (
			);
			name = GeoFireApp;
			productName = GeoFireApp;
			productReference = 115C6E23235CCF89003FE31F /* GeoFireApp.app */;
			productType = "com.apple.product-type.application";
		};
		115C6E38235CCF90003FE31F /* GeoFireAppTests */ = {
			isa = PBXNativeTarget;
			buildConfigurationList = 115C6E50235CCF90003FE31F /* Build configuration list for PBXNativeTarget "GeoFireAppTests" */;
			buildPhases = (
				3C05EFEA2C7FC973EC387A7C /* [CP] Check Pods Manifest.lock */,
				115C6E35235CCF90003FE31F /* Sources */,
				115C6E36235CCF90003FE31F /* Frameworks */,
				115C6E37235CCF90003FE31F /* Resources */,
			);
			buildRules = (
			);
			dependencies = (
				115C6E3B235CCF90003FE31F /* PBXTargetDependency */,
			);
			name = GeoFireAppTests;
			productName = GeoFireAppTests;
			productReference = 115C6E39235CCF90003FE31F /* GeoFireAppTests.xctest */;
			productType = "com.apple.product-type.bundle.unit-test";
		};
		115C6E43235CCF90003FE31F /* GeoFireAppUITests */ = {
			isa = PBXNativeTarget;
			buildConfigurationList = 115C6E53235CCF90003FE31F /* Build configuration list for PBXNativeTarget "GeoFireAppUITests" */;
			buildPhases = (
				488CC2F05CEE75952E540EAB /* [CP] Check Pods Manifest.lock */,
				115C6E40235CCF90003FE31F /* Sources */,
				115C6E41235CCF90003FE31F /* Frameworks */,
				115C6E42235CCF90003FE31F /* Resources */,
			);
			buildRules = (
			);
			dependencies = (
				115C6E46235CCF90003FE31F /* PBXTargetDependency */,
			);
			name = GeoFireAppUITests;
			productName = GeoFireAppUITests;
			productReference = 115C6E44235CCF90003FE31F /* GeoFireAppUITests.xctest */;
			productType = "com.apple.product-type.bundle.ui-testing";
		};
/* End PBXNativeTarget section */

/* Begin PBXProject section */
		115C6E1B235CCF89003FE31F /* Project object */ = {
			isa = PBXProject;
			attributes = {
				LastSwiftUpdateCheck = 1110;
				LastUpgradeCheck = 1110;
				ORGANIZATIONNAME = "Edoardo de Cal";
				TargetAttributes = {
					115C6E22235CCF89003FE31F = {
						CreatedOnToolsVersion = 11.1;
					};
					115C6E38235CCF90003FE31F = {
						CreatedOnToolsVersion = 11.1;
						TestTargetID = 115C6E22235CCF89003FE31F;
					};
					115C6E43235CCF90003FE31F = {
						CreatedOnToolsVersion = 11.1;
						TestTargetID = 115C6E22235CCF89003FE31F;
					};
				};
			};
			buildConfigurationList = 115C6E1E235CCF89003FE31F /* Build configuration list for PBXProject "GeoFireApp" */;
			compatibilityVersion = "Xcode 9.3";
			developmentRegion = en;
			hasScannedForEncodings = 0;
			knownRegions = (
				en,
				Base,
			);
			mainGroup = 115C6E1A235CCF89003FE31F;
			productRefGroup = 115C6E24235CCF89003FE31F /* Products */;
			projectDirPath = "";
			projectRoot = "";
			targets = (
				115C6E22235CCF89003FE31F /* GeoFireApp */,
				115C6E38235CCF90003FE31F /* GeoFireAppTests */,
				115C6E43235CCF90003FE31F /* GeoFireAppUITests */,
			);
		};
/* End PBXProject section */

/* Begin PBXResourcesBuildPhase section */
		115C6E21235CCF89003FE31F /* Resources */ = {
			isa = PBXResourcesBuildPhase;
			buildActionMask = 2147483647;
			files = (
				115C6E33235CCF90003FE31F /* LaunchScreen.storyboard in Resources */,
				11BBEFFC235E55BF006FF991 /* GoogleService-Info.plist in Resources */,
				115C6E30235CCF90003FE31F /* Assets.xcassets in Resources */,
				115C6E2E235CCF89003FE31F /* Main.storyboard in Resources */,
			);
			runOnlyForDeploymentPostprocessing = 0;
		};
		115C6E37235CCF90003FE31F /* Resources */ = {
			isa = PBXResourcesBuildPhase;
			buildActionMask = 2147483647;
			files = (
			);
			runOnlyForDeploymentPostprocessing = 0;
		};
		115C6E42235CCF90003FE31F /* Resources */ = {
			isa = PBXResourcesBuildPhase;
			buildActionMask = 2147483647;
			files = (
			);
			runOnlyForDeploymentPostprocessing = 0;
		};
/* End PBXResourcesBuildPhase section */

/* Begin PBXShellScriptBuildPhase section */
		3C05EFEA2C7FC973EC387A7C /* [CP] Check Pods Manifest.lock */ = {
			isa = PBXShellScriptBuildPhase;
			buildActionMask = 2147483647;
			files = (
			);
			inputFileListPaths = (
			);
			inputPaths = (
				"${PODS_PODFILE_DIR_PATH}/Podfile.lock",
				"${PODS_ROOT}/Manifest.lock",
			);
			name = "[CP] Check Pods Manifest.lock";
			outputFileListPaths = (
			);
			outputPaths = (
				"$(DERIVED_FILE_DIR)/Pods-GeoFireAppTests-checkManifestLockResult.txt",
			);
			runOnlyForDeploymentPostprocessing = 0;
			shellPath = /bin/sh;
			shellScript = "diff \"${PODS_PODFILE_DIR_PATH}/Podfile.lock\" \"${PODS_ROOT}/Manifest.lock\" > /dev/null\nif [ $? != 0 ] ; then\n    # print error to STDERR\n    echo \"error: The sandbox is not in sync with the Podfile.lock. Run 'pod install' or update your CocoaPods installation.\" >&2\n    exit 1\nfi\n# This output is used by Xcode 'outputs' to avoid re-running this script phase.\necho \"SUCCESS\" > \"${SCRIPT_OUTPUT_FILE_0}\"\n";
			showEnvVarsInLog = 0;
		};
		488CC2F05CEE75952E540EAB /* [CP] Check Pods Manifest.lock */ = {
			isa = PBXShellScriptBuildPhase;
			buildActionMask = 2147483647;
			files = (
			);
			inputFileListPaths = (
			);
			inputPaths = (
				"${PODS_PODFILE_DIR_PATH}/Podfile.lock",
				"${PODS_ROOT}/Manifest.lock",
			);
			name = "[CP] Check Pods Manifest.lock";
			outputFileListPaths = (
			);
			outputPaths = (
				"$(DERIVED_FILE_DIR)/Pods-GeoFireAppUITests-checkManifestLockResult.txt",
			);
			runOnlyForDeploymentPostprocessing = 0;
			shellPath = /bin/sh;
			shellScript = "diff \"${PODS_PODFILE_DIR_PATH}/Podfile.lock\" \"${PODS_ROOT}/Manifest.lock\" > /dev/null\nif [ $? != 0 ] ; then\n    # print error to STDERR\n    echo \"error: The sandbox is not in sync with the Podfile.lock. Run 'pod install' or update your CocoaPods installation.\" >&2\n    exit 1\nfi\n# This output is used by Xcode 'outputs' to avoid re-running this script phase.\necho \"SUCCESS\" > \"${SCRIPT_OUTPUT_FILE_0}\"\n";
			showEnvVarsInLog = 0;
		};
		53CCE9374C7B3AC0F0DC9E0B /* [CP] Check Pods Manifest.lock */ = {
			isa = PBXShellScriptBuildPhase;
			buildActionMask = 2147483647;
			files = (
			);
			inputFileListPaths = (
			);
			inputPaths = (
				"${PODS_PODFILE_DIR_PATH}/Podfile.lock",
				"${PODS_ROOT}/Manifest.lock",
			);
			name = "[CP] Check Pods Manifest.lock";
			outputFileListPaths = (
			);
			outputPaths = (
				"$(DERIVED_FILE_DIR)/Pods-GeoFireApp-checkManifestLockResult.txt",
			);
			runOnlyForDeploymentPostprocessing = 0;
			shellPath = /bin/sh;
			shellScript = "diff \"${PODS_PODFILE_DIR_PATH}/Podfile.lock\" \"${PODS_ROOT}/Manifest.lock\" > /dev/null\nif [ $? != 0 ] ; then\n    # print error to STDERR\n    echo \"error: The sandbox is not in sync with the Podfile.lock. Run 'pod install' or update your CocoaPods installation.\" >&2\n    exit 1\nfi\n# This output is used by Xcode 'outputs' to avoid re-running this script phase.\necho \"SUCCESS\" > \"${SCRIPT_OUTPUT_FILE_0}\"\n";
			showEnvVarsInLog = 0;
		};
		EA10255993C92DBF2401B2EC /* [CP] Embed Pods Frameworks */ = {
			isa = PBXShellScriptBuildPhase;
			buildActionMask = 2147483647;
			files = (
			);
			inputFileListPaths = (
			);
			inputPaths = (
				"${PODS_ROOT}/Target Support Files/Pods-GeoFireApp/Pods-GeoFireApp-frameworks.sh",
				"${BUILT_PRODUCTS_DIR}/GoogleUtilities/GoogleUtilities.framework",
				"${BUILT_PRODUCTS_DIR}/nanopb/nanopb.framework",
			);
			name = "[CP] Embed Pods Frameworks";
			outputFileListPaths = (
			);
			outputPaths = (
				"${TARGET_BUILD_DIR}/${FRAMEWORKS_FOLDER_PATH}/GoogleUtilities.framework",
				"${TARGET_BUILD_DIR}/${FRAMEWORKS_FOLDER_PATH}/nanopb.framework",
			);
			runOnlyForDeploymentPostprocessing = 0;
			shellPath = /bin/sh;
			shellScript = "\"${PODS_ROOT}/Target Support Files/Pods-GeoFireApp/Pods-GeoFireApp-frameworks.sh\"\n";
			showEnvVarsInLog = 0;
		};
/* End PBXShellScriptBuildPhase section */

/* Begin PBXSourcesBuildPhase section */
		115C6E1F235CCF89003FE31F /* Sources */ = {
			isa = PBXSourcesBuildPhase;
			buildActionMask = 2147483647;
			files = (
				115C6E2B235CCF89003FE31F /* ViewController.swift in Sources */,
				115C6E27235CCF89003FE31F /* AppDelegate.swift in Sources */,
				115C6E29235CCF89003FE31F /* SceneDelegate.swift in Sources */,
			);
			runOnlyForDeploymentPostprocessing = 0;
		};
		115C6E35235CCF90003FE31F /* Sources */ = {
			isa = PBXSourcesBuildPhase;
			buildActionMask = 2147483647;
			files = (
				115C6E3E235CCF90003FE31F /* GeoFireAppTests.swift in Sources */,
			);
			runOnlyForDeploymentPostprocessing = 0;
		};
		115C6E40235CCF90003FE31F /* Sources */ = {
			isa = PBXSourcesBuildPhase;
			buildActionMask = 2147483647;
			files = (
				115C6E49235CCF90003FE31F /* GeoFireAppUITests.swift in Sources */,
			);
			runOnlyForDeploymentPostprocessing = 0;
		};
/* End PBXSourcesBuildPhase section */

/* Begin PBXTargetDependency section */
		115C6E3B235CCF90003FE31F /* PBXTargetDependency */ = {
			isa = PBXTargetDependency;
			target = 115C6E22235CCF89003FE31F /* GeoFireApp */;
			targetProxy = 115C6E3A235CCF90003FE31F /* PBXContainerItemProxy */;
		};
		115C6E46235CCF90003FE31F /* PBXTargetDependency */ = {
			isa = PBXTargetDependency;
			target = 115C6E22235CCF89003FE31F /* GeoFireApp */;
			targetProxy = 115C6E45235CCF90003FE31F /* PBXContainerItemProxy */;
		};
/* End PBXTargetDependency section */

/* Begin PBXVariantGroup section */
		115C6E2C235CCF89003FE31F /* Main.storyboard */ = {
			isa = PBXVariantGroup;
			children = (
				115C6E2D235CCF89003FE31F /* Base */,
			);
			name = Main.storyboard;
			sourceTree = "<group>";
		};
		115C6E31235CCF90003FE31F /* LaunchScreen.storyboard */ = {
			isa = PBXVariantGroup;
			children = (
				115C6E32235CCF90003FE31F /* Base */,
			);
			name = LaunchScreen.storyboard;
			sourceTree = "<group>";
		};
/* End PBXVariantGroup section */

/* Begin XCBuildConfiguration section */
		115C6E4B235CCF90003FE31F /* Debug */ = {
			isa = XCBuildConfiguration;
			buildSettings = {
				ALWAYS_SEARCH_USER_PATHS = NO;
				CLANG_ANALYZER_NONNULL = YES;
				CLANG_ANALYZER_NUMBER_OBJECT_CONVERSION = YES_AGGRESSIVE;
				CLANG_CXX_LANGUAGE_STANDARD = "gnu++14";
				CLANG_CXX_LIBRARY = "libc++";
				CLANG_ENABLE_MODULES = YES;
				CLANG_ENABLE_OBJC_ARC = YES;
				CLANG_ENABLE_OBJC_WEAK = YES;
				CLANG_WARN_BLOCK_CAPTURE_AUTORELEASING = YES;
				CLANG_WARN_BOOL_CONVERSION = YES;
				CLANG_WARN_COMMA = YES;
				CLANG_WARN_CONSTANT_CONVERSION = YES;
				CLANG_WARN_DEPRECATED_OBJC_IMPLEMENTATIONS = YES;
				CLANG_WARN_DIRECT_OBJC_ISA_USAGE = YES_ERROR;
				CLANG_WARN_DOCUMENTATION_COMMENTS = YES;
				CLANG_WARN_EMPTY_BODY = YES;
				CLANG_WARN_ENUM_CONVERSION = YES;
				CLANG_WARN_INFINITE_RECURSION = YES;
				CLANG_WARN_INT_CONVERSION = YES;
				CLANG_WARN_NON_LITERAL_NULL_CONVERSION = YES;
				CLANG_WARN_OBJC_IMPLICIT_RETAIN_SELF = YES;
				CLANG_WARN_OBJC_LITERAL_CONVERSION = YES;
				CLANG_WARN_OBJC_ROOT_CLASS = YES_ERROR;
				CLANG_WARN_RANGE_LOOP_ANALYSIS = YES;
				CLANG_WARN_STRICT_PROTOTYPES = YES;
				CLANG_WARN_SUSPICIOUS_MOVE = YES;
				CLANG_WARN_UNGUARDED_AVAILABILITY = YES_AGGRESSIVE;
				CLANG_WARN_UNREACHABLE_CODE = YES;
				CLANG_WARN__DUPLICATE_METHOD_MATCH = YES;
				COPY_PHASE_STRIP = NO;
				DEBUG_INFORMATION_FORMAT = dwarf;
				ENABLE_STRICT_OBJC_MSGSEND = YES;
				ENABLE_TESTABILITY = YES;
				GCC_C_LANGUAGE_STANDARD = gnu11;
				GCC_DYNAMIC_NO_PIC = NO;
				GCC_NO_COMMON_BLOCKS = YES;
				GCC_OPTIMIZATION_LEVEL = 0;
				GCC_PREPROCESSOR_DEFINITIONS = (
					"DEBUG=1",
					"$(inherited)",
				);
				GCC_WARN_64_TO_32_BIT_CONVERSION = YES;
				GCC_WARN_ABOUT_RETURN_TYPE = YES_ERROR;
				GCC_WARN_UNDECLARED_SELECTOR = YES;
				GCC_WARN_UNINITIALIZED_AUTOS = YES_AGGRESSIVE;
				GCC_WARN_UNUSED_FUNCTION = YES;
				GCC_WARN_UNUSED_VARIABLE = YES;
				IPHONEOS_DEPLOYMENT_TARGET = 13.1;
				MTL_ENABLE_DEBUG_INFO = INCLUDE_SOURCE;
				MTL_FAST_MATH = YES;
				ONLY_ACTIVE_ARCH = YES;
				SDKROOT = iphoneos;
				SWIFT_ACTIVE_COMPILATION_CONDITIONS = DEBUG;
				SWIFT_OPTIMIZATION_LEVEL = "-Onone";
			};
			name = Debug;
		};
		115C6E4C235CCF90003FE31F /* Release */ = {
			isa = XCBuildConfiguration;
			buildSettings = {
				ALWAYS_SEARCH_USER_PATHS = NO;
				CLANG_ANALYZER_NONNULL = YES;
				CLANG_ANALYZER_NUMBER_OBJECT_CONVERSION = YES_AGGRESSIVE;
				CLANG_CXX_LANGUAGE_STANDARD = "gnu++14";
				CLANG_CXX_LIBRARY = "libc++";
				CLANG_ENABLE_MODULES = YES;
				CLANG_ENABLE_OBJC_ARC = YES;
				CLANG_ENABLE_OBJC_WEAK = YES;
				CLANG_WARN_BLOCK_CAPTURE_AUTORELEASING = YES;
				CLANG_WARN_BOOL_CONVERSION = YES;
				CLANG_WARN_COMMA = YES;
				CLANG_WARN_CONSTANT_CONVERSION = YES;
				CLANG_WARN_DEPRECATED_OBJC_IMPLEMENTATIONS = YES;
				CLANG_WARN_DIRECT_OBJC_ISA_USAGE = YES_ERROR;
				CLANG_WARN_DOCUMENTATION_COMMENTS = YES;
				CLANG_WARN_EMPTY_BODY = YES;
				CLANG_WARN_ENUM_CONVERSION = YES;
				CLANG_WARN_INFINITE_RECURSION = YES;
				CLANG_WARN_INT_CONVERSION = YES;
				CLANG_WARN_NON_LITERAL_NULL_CONVERSION = YES;
				CLANG_WARN_OBJC_IMPLICIT_RETAIN_SELF = YES;
				CLANG_WARN_OBJC_LITERAL_CONVERSION = YES;
				CLANG_WARN_OBJC_ROOT_CLASS = YES_ERROR;
				CLANG_WARN_RANGE_LOOP_ANALYSIS = YES;
				CLANG_WARN_STRICT_PROTOTYPES = YES;
				CLANG_WARN_SUSPICIOUS_MOVE = YES;
				CLANG_WARN_UNGUARDED_AVAILABILITY = YES_AGGRESSIVE;
				CLANG_WARN_UNREACHABLE_CODE = YES;
				CLANG_WARN__DUPLICATE_METHOD_MATCH = YES;
				COPY_PHASE_STRIP = NO;
				DEBUG_INFORMATION_FORMAT = "dwarf-with-dsym";
				ENABLE_NS_ASSERTIONS = NO;
				ENABLE_STRICT_OBJC_MSGSEND = YES;
				GCC_C_LANGUAGE_STANDARD = gnu11;
				GCC_NO_COMMON_BLOCKS = YES;
				GCC_WARN_64_TO_32_BIT_CONVERSION = YES;
				GCC_WARN_ABOUT_RETURN_TYPE = YES_ERROR;
				GCC_WARN_UNDECLARED_SELECTOR = YES;
				GCC_WARN_UNINITIALIZED_AUTOS = YES_AGGRESSIVE;
				GCC_WARN_UNUSED_FUNCTION = YES;
				GCC_WARN_UNUSED_VARIABLE = YES;
				IPHONEOS_DEPLOYMENT_TARGET = 13.1;
				MTL_ENABLE_DEBUG_INFO = NO;
				MTL_FAST_MATH = YES;
				SDKROOT = iphoneos;
				SWIFT_COMPILATION_MODE = wholemodule;
				SWIFT_OPTIMIZATION_LEVEL = "-O";
				VALIDATE_PRODUCT = YES;
			};
			name = Release;
		};
		115C6E4E235CCF90003FE31F /* Debug */ = {
			isa = XCBuildConfiguration;
			baseConfigurationReference = 65C1C21C995DF10075A47F99 /* Pods-GeoFireApp.debug.xcconfig */;
			buildSettings = {
				ASSETCATALOG_COMPILER_APPICON_NAME = AppIcon;
				CODE_SIGN_STYLE = Automatic;
				DEVELOPMENT_TEAM = WC2NUT8MA5;
				INFOPLIST_FILE = GeoFireApp/Info.plist;
				LD_RUNPATH_SEARCH_PATHS = (
					"$(inherited)",
					"@executable_path/Frameworks",
				);
				PRODUCT_BUNDLE_IDENTIFIER = com.GeoFireApp;
				PRODUCT_NAME = "$(TARGET_NAME)";
				SWIFT_VERSION = 5.0;
				TARGETED_DEVICE_FAMILY = "1,2";
			};
			name = Debug;
		};
		115C6E4F235CCF90003FE31F /* Release */ = {
			isa = XCBuildConfiguration;
			baseConfigurationReference = 9925A771C2111E0E283B2D66 /* Pods-GeoFireApp.release.xcconfig */;
			buildSettings = {
				ASSETCATALOG_COMPILER_APPICON_NAME = AppIcon;
				CODE_SIGN_STYLE = Automatic;
				DEVELOPMENT_TEAM = WC2NUT8MA5;
				INFOPLIST_FILE = GeoFireApp/Info.plist;
				LD_RUNPATH_SEARCH_PATHS = (
					"$(inherited)",
					"@executable_path/Frameworks",
				);
				PRODUCT_BUNDLE_IDENTIFIER = com.GeoFireApp;
				PRODUCT_NAME = "$(TARGET_NAME)";
				SWIFT_VERSION = 5.0;
				TARGETED_DEVICE_FAMILY = "1,2";
			};
			name = Release;
		};
		115C6E51235CCF90003FE31F /* Debug */ = {
			isa = XCBuildConfiguration;
			baseConfigurationReference = 13E64DBBA3489458860F551F /* Pods-GeoFireAppTests.debug.xcconfig */;
			buildSettings = {
				ALWAYS_EMBED_SWIFT_STANDARD_LIBRARIES = YES;
				BUNDLE_LOADER = "$(TEST_HOST)";
				CODE_SIGN_STYLE = Automatic;
				DEVELOPMENT_TEAM = WC2NUT8MA5;
				INFOPLIST_FILE = GeoFireAppTests/Info.plist;
				IPHONEOS_DEPLOYMENT_TARGET = 13.1;
				LD_RUNPATH_SEARCH_PATHS = (
					"$(inherited)",
					"@executable_path/Frameworks",
					"@loader_path/Frameworks",
				);
				PRODUCT_BUNDLE_IDENTIFIER = com.GeoFireAppTests;
				PRODUCT_NAME = "$(TARGET_NAME)";
				SWIFT_VERSION = 5.0;
				TARGETED_DEVICE_FAMILY = "1,2";
				TEST_HOST = "$(BUILT_PRODUCTS_DIR)/GeoFireApp.app/GeoFireApp";
			};
			name = Debug;
		};
		115C6E52235CCF90003FE31F /* Release */ = {
			isa = XCBuildConfiguration;
			baseConfigurationReference = B7891A1912C4AE3AFB0AF39E /* Pods-GeoFireAppTests.release.xcconfig */;
			buildSettings = {
				ALWAYS_EMBED_SWIFT_STANDARD_LIBRARIES = YES;
				BUNDLE_LOADER = "$(TEST_HOST)";
				CODE_SIGN_STYLE = Automatic;
				DEVELOPMENT_TEAM = WC2NUT8MA5;
				INFOPLIST_FILE = GeoFireAppTests/Info.plist;
				IPHONEOS_DEPLOYMENT_TARGET = 13.1;
				LD_RUNPATH_SEARCH_PATHS = (
					"$(inherited)",
					"@executable_path/Frameworks",
					"@loader_path/Frameworks",
				);
				PRODUCT_BUNDLE_IDENTIFIER = com.GeoFireAppTests;
				PRODUCT_NAME = "$(TARGET_NAME)";
				SWIFT_VERSION = 5.0;
				TARGETED_DEVICE_FAMILY = "1,2";
				TEST_HOST = "$(BUILT_PRODUCTS_DIR)/GeoFireApp.app/GeoFireApp";
			};
			name = Release;
		};
		115C6E54235CCF90003FE31F /* Debug */ = {
			isa = XCBuildConfiguration;
			baseConfigurationReference = F13178B53F719F15AAF7ED03 /* Pods-GeoFireAppUITests.debug.xcconfig */;
			buildSettings = {
				ALWAYS_EMBED_SWIFT_STANDARD_LIBRARIES = YES;
				CODE_SIGN_STYLE = Automatic;
				DEVELOPMENT_TEAM = WC2NUT8MA5;
				INFOPLIST_FILE = GeoFireAppUITests/Info.plist;
				LD_RUNPATH_SEARCH_PATHS = (
					"$(inherited)",
					"@executable_path/Frameworks",
					"@loader_path/Frameworks",
				);
				PRODUCT_BUNDLE_IDENTIFIER = com.GeoFireAppUITests;
				PRODUCT_NAME = "$(TARGET_NAME)";
				SWIFT_VERSION = 5.0;
				TARGETED_DEVICE_FAMILY = "1,2";
				TEST_TARGET_NAME = GeoFireApp;
			};
			name = Debug;
		};
		115C6E55235CCF90003FE31F /* Release */ = {
			isa = XCBuildConfiguration;
			baseConfigurationReference = A639343C34ECC15ABC33B109 /* Pods-GeoFireAppUITests.release.xcconfig */;
			buildSettings = {
				ALWAYS_EMBED_SWIFT_STANDARD_LIBRARIES = YES;
				CODE_SIGN_STYLE = Automatic;
				DEVELOPMENT_TEAM = WC2NUT8MA5;
				INFOPLIST_FILE = GeoFireAppUITests/Info.plist;
				LD_RUNPATH_SEARCH_PATHS = (
					"$(inherited)",
					"@executable_path/Frameworks",
					"@loader_path/Frameworks",
				);
				PRODUCT_BUNDLE_IDENTIFIER = com.GeoFireAppUITests;
				PRODUCT_NAME = "$(TARGET_NAME)";
				SWIFT_VERSION = 5.0;
				TARGETED_DEVICE_FAMILY = "1,2";
				TEST_TARGET_NAME = GeoFireApp;
			};
			name = Release;
		};
/* End XCBuildConfiguration section */

/* Begin XCConfigurationList section */
		115C6E1E235CCF89003FE31F /* Build configuration list for PBXProject "GeoFireApp" */ = {
			isa = XCConfigurationList;
			buildConfigurations = (
				115C6E4B235CCF90003FE31F /* Debug */,
				115C6E4C235CCF90003FE31F /* Release */,
			);
			defaultConfigurationIsVisible = 0;
			defaultConfigurationName = Release;
		};
		115C6E4D235CCF90003FE31F /* Build configuration list for PBXNativeTarget "GeoFireApp" */ = {
			isa = XCConfigurationList;
			buildConfigurations = (
				115C6E4E235CCF90003FE31F /* Debug */,
				115C6E4F235CCF90003FE31F /* Release */,
			);
			defaultConfigurationIsVisible = 0;
			defaultConfigurationName = Release;
		};
		115C6E50235CCF90003FE31F /* Build configuration list for PBXNativeTarget "GeoFireAppTests" */ = {
			isa = XCConfigurationList;
			buildConfigurations = (
				115C6E51235CCF90003FE31F /* Debug */,
				115C6E52235CCF90003FE31F /* Release */,
			);
			defaultConfigurationIsVisible = 0;
			defaultConfigurationName = Release;
		};
		115C6E53235CCF90003FE31F /* Build configuration list for PBXNativeTarget "GeoFireAppUITests" */ = {
			isa = XCConfigurationList;
			buildConfigurations = (
				115C6E54235CCF90003FE31F /* Debug */,
				115C6E55235CCF90003FE31F /* Release */,
			);
			defaultConfigurationIsVisible = 0;
			defaultConfigurationName = Release;
		};
/* End XCConfigurationList section */
	};
	rootObject = 115C6E1B235CCF89003FE31F /* Project object */;
}
